
Microsoft Visual Studio Solution File, Format Version 12.00
# Visual Studio Version 17
VisualStudioVersion = 17.13.35806.99 d17.13
MinimumVisualStudioVersion = 10.0.40219.1
Project("{FAE04EC0-301F-11D3-BF4B-00C04F79EFBC}") = "CryptoTracker.API", "CryptoTracker.API\CryptoTracker.API.csproj", "{B908C154-6E5D-4C46-BA27-D37ED94CF691}"
EndProject
Global
	GlobalSection(SolutionConfigurationPlatforms) = preSolution
		Debug|Any CPU = Debug|Any CPU
		Release|Any CPU = Release|Any CPU
	EndGlobalSection
	GlobalSection(ProjectConfigurationPlatforms) = postSolution
		{B908C154-6E5D-4C46-BA27-D37ED94CF691}.Debug|Any CPU.ActiveCfg = Debug|Any CPU
		{B908C154-6E5D-4C46-BA27-D37ED94CF691}.Debug|Any CPU.Build.0 = Debug|Any CPU
		{B908C154-6E5D-4C46-BA27-D37ED94CF691}.Release|Any CPU.ActiveCfg = Release|Any CPU
		{B908C154-6E5D-4C46-BA27-D37ED94CF691}.Release|Any CPU.Build.0 = Release|Any CPU
	EndGlobalSection
	GlobalSection(SolutionProperties) = preSolution
		HideSolutionNode = FALSE
	EndGlobalSection
	GlobalSection(ExtensibilityGlobals) = postSolution
		SolutionGuid = {45061DF2-E535-464B-A623-32B752227A6A}
	EndGlobalSection
EndGlobal
